{
  "name": "eleicoes-brasileiras",
  "version": "1.0.0",
  "lockfileVersion": 3,
  "requires": true,
  "packages": {
    "": {
      "name": "eleicoes-brasileiras",
      "version": "1.0.0",
      "bin": {
        "build": "bin/build.js"
      },
      "engines": {
        "node": ">=18"
      }
    }
  }
}
